
Microsoft Visual Studio Solution File, Format Version 12.00
# Visual Studio Version 16
VisualStudioVersion = 16.0.30011.22
MinimumVisualStudioVersion = 10.0.40219.1
Project("{9A19103F-16F7-4668-BE54-9A1E7A4F7556}") = "AbstartFactory", "AbstartFactory\AbstartFactory.csproj", "{B3DD32ED-A76F-471C-ACC9-C0DB676EC8F1}"
EndProject
Project("{FAE04EC0-301F-11D3-BF4B-00C04F79EFBC}") = "AbstractFactory.Tests", "AbstractFactory.Tests\AbstractFactory.Tests.csproj", "{52549702-0FD8-4E0D-8696-90EB5E899B91}"
EndProject
Global
	GlobalSection(SolutionConfigurationPlatforms) = preSolution
		Debug|Any CPU = Debug|Any CPU
		Release|Any CPU = Release|Any CPU
	EndGlobalSection
	GlobalSection(ProjectConfigurationPlatforms) = postSolution
		{B3DD32ED-A76F-471C-ACC9-C0DB676EC8F1}.Debug|Any CPU.ActiveCfg = Debug|Any CPU
		{B3DD32ED-A76F-471C-ACC9-C0DB676EC8F1}.Debug|Any CPU.Build.0 = Debug|Any CPU
		{B3DD32ED-A76F-471C-ACC9-C0DB676EC8F1}.Release|Any CPU.ActiveCfg = Release|Any CPU
		{B3DD32ED-A76F-471C-ACC9-C0DB676EC8F1}.Release|Any CPU.Build.0 = Release|Any CPU
		{52549702-0FD8-4E0D-8696-90EB5E899B91}.Debug|Any CPU.ActiveCfg = Debug|Any CPU
		{52549702-0FD8-4E0D-8696-90EB5E899B91}.Debug|Any CPU.Build.0 = Debug|Any CPU
		{52549702-0FD8-4E0D-8696-90EB5E899B91}.Release|Any CPU.ActiveCfg = Release|Any CPU
		{52549702-0FD8-4E0D-8696-90EB5E899B91}.Release|Any CPU.Build.0 = Release|Any CPU
	EndGlobalSection
	GlobalSection(SolutionProperties) = preSolution
		HideSolutionNode = FALSE
	EndGlobalSection
	GlobalSection(ExtensibilityGlobals) = postSolution
		SolutionGuid = {696D48BE-8274-4B92-B5FE-47C592CB2C11}
	EndGlobalSection
EndGlobal
