
Microsoft Visual Studio Solution File, Format Version 12.00
# Visual Studio 15
VisualStudioVersion = 15.0.28010.2036
MinimumVisualStudioVersion = 10.0.40219.1
Project("{9A19103F-16F7-4668-BE54-9A1E7A4F7556}") = "gmail_auth_api", "gmail_auth_api.csproj", "{7FEFEC6C-8EC5-45B1-BEC1-78016F6E230F}"
EndProject
Global
	GlobalSection(SolutionConfigurationPlatforms) = preSolution
		Debug|Any CPU = Debug|Any CPU
		Release|Any CPU = Release|Any CPU
	EndGlobalSection
	GlobalSection(ProjectConfigurationPlatforms) = postSolution
		{7FEFEC6C-8EC5-45B1-BEC1-78016F6E230F}.Debug|Any CPU.ActiveCfg = Debug|Any CPU
		{7FEFEC6C-8EC5-45B1-BEC1-78016F6E230F}.Debug|Any CPU.Build.0 = Debug|Any CPU
		{7FEFEC6C-8EC5-45B1-BEC1-78016F6E230F}.Release|Any CPU.ActiveCfg = Release|Any CPU
		{7FEFEC6C-8EC5-45B1-BEC1-78016F6E230F}.Release|Any CPU.Build.0 = Release|Any CPU
	EndGlobalSection
	GlobalSection(SolutionProperties) = preSolution
		HideSolutionNode = FALSE
	EndGlobalSection
	GlobalSection(ExtensibilityGlobals) = postSolution
		SolutionGuid = {FBD28D2D-2EEE-4151-AB2D-6D5D0E5B902D}
	EndGlobalSection
EndGlobal
